{
  "nodes": {
    "dotfiles": {
      "inputs": {
        "flake-utils": "flake-utils",
        "home-manager": "home-manager",
        "home-manager-rpi": "home-manager-rpi",
        "nixpkgs": "nixpkgs",
        "nixpkgs-rpi": "nixpkgs-rpi"
      },
      "locked": {
        "lastModified": 1664947486,
        "narHash": "sha256-QFCtw6t1P1v2qrAbXDc3L4lhX4QM9x76mHRwaEwtFVY=",
        "owner": "ereslibre",
        "repo": "dotfiles",
        "rev": "5496e855a5d705fa1453b1a1cac629df4e77c5a9",
        "type": "github"
      },
      "original": {
        "owner": "ereslibre",
        "repo": "dotfiles",
        "type": "github"
      }
    },
    "flake-utils": {
      "locked": {
        "lastModified": 1659877975,
        "narHash": "sha256-zllb8aq3YO3h8B/U0/J1WBgAL8EX5yWf5pMj3G0NAmc=",
        "owner": "numtide",
        "repo": "flake-utils",
        "rev": "c0e246b9b83f637f4681389ecabcb2681b4f3af0",
        "type": "github"
      },
      "original": {
        "owner": "numtide",
        "repo": "flake-utils",
        "type": "github"
      }
    },
    "flake-utils_2": {
      "locked": {
        "lastModified": 1659877975,
        "narHash": "sha256-zllb8aq3YO3h8B/U0/J1WBgAL8EX5yWf5pMj3G0NAmc=",
        "owner": "numtide",
        "repo": "flake-utils",
        "rev": "c0e246b9b83f637f4681389ecabcb2681b4f3af0",
        "type": "github"
      },
      "original": {
        "owner": "numtide",
        "repo": "flake-utils",
        "type": "github"
      }
    },
    "home-manager": {
      "inputs": {
        "nixpkgs": [
          "dotfiles",
          "nixpkgs"
        ]
      },
      "locked": {
        "lastModified": 1656169755,
        "narHash": "sha256-Nlnm4jeQWEGjYrE6hxi/7HYHjBSZ/E0RtjCYifnNsWk=",
        "owner": "nix-community",
        "repo": "home-manager",
        "rev": "4a3d01fb53f52ac83194081272795aa4612c2381",
        "type": "github"
      },
      "original": {
        "owner": "nix-community",
        "ref": "release-22.05",
        "repo": "home-manager",
        "type": "github"
      }
    },
    "home-manager-rpi": {
      "inputs": {
        "nixpkgs": [
          "dotfiles",
          "nixpkgs-rpi"
        ]
      },
      "locked": {
        "lastModified": 1656169755,
        "narHash": "sha256-Nlnm4jeQWEGjYrE6hxi/7HYHjBSZ/E0RtjCYifnNsWk=",
        "owner": "nix-community",
        "repo": "home-manager",
        "rev": "4a3d01fb53f52ac83194081272795aa4612c2381",
        "type": "github"
      },
      "original": {
        "owner": "nix-community",
        "ref": "release-22.05",
        "repo": "home-manager",
        "type": "github"
      }
    },
    "nixos-hardware": {
      "locked": {
        "lastModified": 1664628729,
        "narHash": "sha256-A1J0ZPhBfZZiWI6ipjKJ8+RpMllzOMu/An/8Tk3t4oo=",
        "owner": "nixos",
        "repo": "nixos-hardware",
        "rev": "3024c67a2e9a35450558426c42e7419ab37efd95",
        "type": "github"
      },
      "original": {
        "owner": "nixos",
        "repo": "nixos-hardware",
        "type": "github"
      }
    },
    "nixpkgs": {
      "locked": {
        "lastModified": 1664939617,
        "narHash": "sha256-niSexyiXJMjXPidN1sMNuAGSxnSJOPxwEL+8Qj65/Xs=",
        "owner": "nixos",
        "repo": "nixpkgs",
        "rev": "78342239aac6382af25986219ffb163ba79b155a",
        "type": "github"
      },
      "original": {
        "owner": "nixos",
        "ref": "release-22.05",
        "repo": "nixpkgs",
        "type": "github"
      }
    },
    "nixpkgs-rpi": {
      "locked": {
        "lastModified": 1659768833,
        "narHash": "sha256-G1T3le1SfZ0AIsWu4SnWr46A34OEiwFcHDKWHtBfBtg=",
        "owner": "nixos",
        "repo": "nixpkgs",
        "rev": "72f492e275fc29d44b3a4daf952fbeffc4aed5b8",
        "type": "github"
      },
      "original": {
        "owner": "nixos",
        "repo": "nixpkgs",
        "rev": "72f492e275fc29d44b3a4daf952fbeffc4aed5b8",
        "type": "github"
      }
    },
    "root": {
      "inputs": {
        "dotfiles": "dotfiles",
        "flake-utils": "flake-utils_2",
        "nixos-hardware": "nixos-hardware"
      }
    }
  },
  "root": "root",
  "version": 7
}
